
Microsoft Visual Studio Solution File, Format Version 12.00
# Visual Studio Version 16
VisualStudioVersion = 16.0.30907.101
MinimumVisualStudioVersion = 10.0.40219.1
Project("{9A19103F-16F7-4668-BE54-9A1E7A4F7556}") = "MiPrimeraAplicacionBlazor.Server", "MiPrimeraAplicacionBlazor\Server\MiPrimeraAplicacionBlazor.Server.csproj", "{1829C0F3-577A-46D7-BB8B-6715FFE483A1}"
EndProject
Project("{9A19103F-16F7-4668-BE54-9A1E7A4F7556}") = "MiPrimeraAplicacionBlazor.Client", "MiPrimeraAplicacionBlazor\Client\MiPrimeraAplicacionBlazor.Client.csproj", "{0D91004F-C39A-4DE0-AB1A-03805E01AB1B}"
EndProject
Project("{9A19103F-16F7-4668-BE54-9A1E7A4F7556}") = "MiPrimeraAplicacionBlazor.Shared", "MiPrimeraAplicacionBlazor\Shared\MiPrimeraAplicacionBlazor.Shared.csproj", "{9E8804DA-FA3C-484E-972A-8791F8DF8398}"
EndProject
Global
	GlobalSection(SolutionConfigurationPlatforms) = preSolution
		Debug|Any CPU = Debug|Any CPU
		Release|Any CPU = Release|Any CPU
	EndGlobalSection
	GlobalSection(ProjectConfigurationPlatforms) = postSolution
		{1829C0F3-577A-46D7-BB8B-6715FFE483A1}.Debug|Any CPU.ActiveCfg = Debug|Any CPU
		{1829C0F3-577A-46D7-BB8B-6715FFE483A1}.Debug|Any CPU.Build.0 = Debug|Any CPU
		{1829C0F3-577A-46D7-BB8B-6715FFE483A1}.Release|Any CPU.ActiveCfg = Release|Any CPU
		{1829C0F3-577A-46D7-BB8B-6715FFE483A1}.Release|Any CPU.Build.0 = Release|Any CPU
		{0D91004F-C39A-4DE0-AB1A-03805E01AB1B}.Debug|Any CPU.ActiveCfg = Debug|Any CPU
		{0D91004F-C39A-4DE0-AB1A-03805E01AB1B}.Debug|Any CPU.Build.0 = Debug|Any CPU
		{0D91004F-C39A-4DE0-AB1A-03805E01AB1B}.Release|Any CPU.ActiveCfg = Release|Any CPU
		{0D91004F-C39A-4DE0-AB1A-03805E01AB1B}.Release|Any CPU.Build.0 = Release|Any CPU
		{9E8804DA-FA3C-484E-972A-8791F8DF8398}.Debug|Any CPU.ActiveCfg = Debug|Any CPU
		{9E8804DA-FA3C-484E-972A-8791F8DF8398}.Debug|Any CPU.Build.0 = Debug|Any CPU
		{9E8804DA-FA3C-484E-972A-8791F8DF8398}.Release|Any CPU.ActiveCfg = Release|Any CPU
		{9E8804DA-FA3C-484E-972A-8791F8DF8398}.Release|Any CPU.Build.0 = Release|Any CPU
	EndGlobalSection
	GlobalSection(SolutionProperties) = preSolution
		HideSolutionNode = FALSE
	EndGlobalSection
	GlobalSection(ExtensibilityGlobals) = postSolution
		SolutionGuid = {C1210D62-18F8-4B11-A285-CCF67077ED07}
	EndGlobalSection
EndGlobal
